
Microsoft Visual Studio Solution File, Format Version 12.00
# Visual Studio Version 17
VisualStudioVersion = 17.7.34024.191
MinimumVisualStudioVersion = 10.0.40219.1
Project("{FAE04EC0-301F-11D3-BF4B-00C04F79EFBC}") = "29.Pallindrome", "29.Pallindrome.csproj", "{6F4DEE8C-491C-4BFC-A39C-3C0AB6A3F134}"
EndProject
Global
	GlobalSection(SolutionConfigurationPlatforms) = preSolution
		Debug|Any CPU = Debug|Any CPU
		Release|Any CPU = Release|Any CPU
	EndGlobalSection
	GlobalSection(ProjectConfigurationPlatforms) = postSolution
		{6F4DEE8C-491C-4BFC-A39C-3C0AB6A3F134}.Debug|Any CPU.ActiveCfg = Debug|Any CPU
		{6F4DEE8C-491C-4BFC-A39C-3C0AB6A3F134}.Debug|Any CPU.Build.0 = Debug|Any CPU
		{6F4DEE8C-491C-4BFC-A39C-3C0AB6A3F134}.Release|Any CPU.ActiveCfg = Release|Any CPU
		{6F4DEE8C-491C-4BFC-A39C-3C0AB6A3F134}.Release|Any CPU.Build.0 = Release|Any CPU
	EndGlobalSection
	GlobalSection(SolutionProperties) = preSolution
		HideSolutionNode = FALSE
	EndGlobalSection
	GlobalSection(ExtensibilityGlobals) = postSolution
		SolutionGuid = {D4BE2F0D-C98E-4023-9607-B93D43793B7C}
	EndGlobalSection
EndGlobal
